{
  "name": "concise-test-todo-example",
  "version": "1.0.0",
  "lockfileVersion": 2,
  "requires": true,
  "packages": {
    "": {
      "name": "concise-test-todo-example",
      "version": "1.0.0",
      "license": "MIT"
    },
    "../concise-test": {
      "version": "0.0.1",
      "extraneous": true,
      "license": "MIT",
      "bin": {
        "concise-test": "bin/concise-test.sh"
      }
    }
  }
}
